# THIS IS AN AUTOGENERATED FILE. DO NOT EDIT THIS FILE DIRECTLY.
# yarn lockfile v1


"@algolia/autocomplete-core@1.9.3":
  version "1.9.3"
  resolved "https://registry.npmmirror.com/@algolia/autocomplete-core/-/autocomplete-core-1.9.3.tgz"
  integrity sha512-009HdfugtGCdC4JdXUbVJClA0q0zh24yyePn+KUGk3rP7j8FEe/m5Yo/z65gn6nP/cM39PxpzqKrL7A6fP6PPw==
  dependencies:
    "@algolia/autocomplete-plugin-algolia-insights" "1.9.3"
    "@algolia/autocomplete-shared" "1.9.3"

"@algolia/autocomplete-plugin-algolia-insights@1.9.3":
  version "1.9.3"
  resolved "https://registry.npmmirror.com/@algolia/autocomplete-plugin-algolia-insights/-/autocomplete-plugin-algolia-insights-1.9.3.tgz"
  integrity sha512-a/yTUkcO/Vyy+JffmAnTWbr4/90cLzw+CC3bRbhnULr/EM0fGNvM13oQQ14f2moLMcVDyAx/leczLlAOovhSZg==
  dependencies:
    "@algolia/autocomplete-shared" "1.9.3"

"@algolia/autocomplete-preset-algolia@1.9.3":
  version "1.9.3"
  resolved "https://registry.npmmirror.com/@algolia/autocomplete-preset-algolia/-/autocomplete-preset-algolia-1.9.3.tgz"
  integrity sha512-d4qlt6YmrLMYy95n5TB52wtNDr6EgAIPH81dvvvW8UmuWRgxEtY0NJiPwl/h95JtG2vmRM804M0DSwMCNZlzRA==
  dependencies:
    "@algolia/autocomplete-shared" "1.9.3"

"@algolia/autocomplete-shared@1.9.3":
  version "1.9.3"
  resolved "https://registry.npmmirror.com/@algolia/autocomplete-shared/-/autocomplete-shared-1.9.3.tgz"
  integrity sha512-Wnm9E4Ye6Rl6sTTqjoymD+l8DjSTHsHboVRYrKgEt8Q7UHm9nYbqhN/i0fhUYA3OAEH7WA8x3jfpnmJm3rKvaQ==

"@algolia/cache-browser-local-storage@4.24.0":
  version "4.24.0"
  resolved "https://registry.npmmirror.com/@algolia/cache-browser-local-storage/-/cache-browser-local-storage-4.24.0.tgz"
  integrity sha512-t63W9BnoXVrGy9iYHBgObNXqYXM3tYXCjDSHeNwnsc324r4o5UiVKUiAB4THQ5z9U5hTj6qUvwg/Ez43ZD85ww==
  dependencies:
    "@algolia/cache-common" "4.24.0"

"@algolia/cache-common@4.24.0":
  version "4.24.0"
  resolved "https://registry.npmmirror.com/@algolia/cache-common/-/cache-common-4.24.0.tgz"
  integrity sha512-emi+v+DmVLpMGhp0V9q9h5CdkURsNmFC+cOS6uK9ndeJm9J4TiqSvPYVu+THUP8P/S08rxf5x2P+p3CfID0Y4g==

"@algolia/cache-in-memory@4.24.0":
  version "4.24.0"
  resolved "https://registry.npmmirror.com/@algolia/cache-in-memory/-/cache-in-memory-4.24.0.tgz"
  integrity sha512-gDrt2so19jW26jY3/MkFg5mEypFIPbPoXsQGQWAi6TrCPsNOSEYepBMPlucqWigsmEy/prp5ug2jy/N3PVG/8w==
  dependencies:
    "@algolia/cache-common" "4.24.0"

"@algolia/client-account@4.24.0":
  version "4.24.0"
  resolved "https://registry.npmmirror.com/@algolia/client-account/-/client-account-4.24.0.tgz"
  integrity sha512-adcvyJ3KjPZFDybxlqnf+5KgxJtBjwTPTeyG2aOyoJvx0Y8dUQAEOEVOJ/GBxX0WWNbmaSrhDURMhc+QeevDsA==
  dependencies:
    "@algolia/client-common" "4.24.0"
    "@algolia/client-search" "4.24.0"
    "@algolia/transporter" "4.24.0"

"@algolia/client-analytics@4.24.0":
  version "4.24.0"
  resolved "https://registry.npmmirror.com/@algolia/client-analytics/-/client-analytics-4.24.0.tgz"
  integrity sha512-y8jOZt1OjwWU4N2qr8G4AxXAzaa8DBvyHTWlHzX/7Me1LX8OayfgHexqrsL4vSBcoMmVw2XnVW9MhL+Y2ZDJXg==
  dependencies:
    "@algolia/client-common" "4.24.0"
    "@algolia/client-search" "4.24.0"
    "@algolia/requester-common" "4.24.0"
    "@algolia/transporter" "4.24.0"

"@algolia/client-common@4.24.0":
  version "4.24.0"
  resolved "https://registry.npmmirror.com/@algolia/client-common/-/client-common-4.24.0.tgz"
  integrity sha512-bc2ROsNL6w6rqpl5jj/UywlIYC21TwSSoFHKl01lYirGMW+9Eek6r02Tocg4gZ8HAw3iBvu6XQiM3BEbmEMoiA==
  dependencies:
    "@algolia/requester-common" "4.24.0"
    "@algolia/transporter" "4.24.0"

"@algolia/client-personalization@4.24.0":
  version "4.24.0"
  resolved "https://registry.npmmirror.com/@algolia/client-personalization/-/client-personalization-4.24.0.tgz"
  integrity sha512-l5FRFm/yngztweU0HdUzz1rC4yoWCFo3IF+dVIVTfEPg906eZg5BOd1k0K6rZx5JzyyoP4LdmOikfkfGsKVE9w==
  dependencies:
    "@algolia/client-common" "4.24.0"
    "@algolia/requester-common" "4.24.0"
    "@algolia/transporter" "4.24.0"

"@algolia/client-search@4.24.0":
  version "4.24.0"
  resolved "https://registry.npmmirror.com/@algolia/client-search/-/client-search-4.24.0.tgz"
  integrity sha512-uRW6EpNapmLAD0mW47OXqTP8eiIx5F6qN9/x/7HHO6owL3N1IXqydGwW5nhDFBrV+ldouro2W1VX3XlcUXEFCA==
  dependencies:
    "@algolia/client-common" "4.24.0"
    "@algolia/requester-common" "4.24.0"
    "@algolia/transporter" "4.24.0"

"@algolia/logger-common@4.24.0":
  version "4.24.0"
  resolved "https://registry.npmmirror.com/@algolia/logger-common/-/logger-common-4.24.0.tgz"
  integrity sha512-LLUNjkahj9KtKYrQhFKCzMx0BY3RnNP4FEtO+sBybCjJ73E8jNdaKJ/Dd8A/VA4imVHP5tADZ8pn5B8Ga/wTMA==

"@algolia/logger-console@4.24.0":
  version "4.24.0"
  resolved "https://registry.npmmirror.com/@algolia/logger-console/-/logger-console-4.24.0.tgz"
  integrity sha512-X4C8IoHgHfiUROfoRCV+lzSy+LHMgkoEEU1BbKcsfnV0i0S20zyy0NLww9dwVHUWNfPPxdMU+/wKmLGYf96yTg==
  dependencies:
    "@algolia/logger-common" "4.24.0"

"@algolia/recommend@4.24.0":
  version "4.24.0"
  resolved "https://registry.npmmirror.com/@algolia/recommend/-/recommend-4.24.0.tgz"
  integrity sha512-P9kcgerfVBpfYHDfVZDvvdJv0lEoCvzNlOy2nykyt5bK8TyieYyiD0lguIJdRZZYGre03WIAFf14pgE+V+IBlw==
  dependencies:
    "@algolia/cache-browser-local-storage" "4.24.0"
    "@algolia/cache-common" "4.24.0"
    "@algolia/cache-in-memory" "4.24.0"
    "@algolia/client-common" "4.24.0"
    "@algolia/client-search" "4.24.0"
    "@algolia/logger-common" "4.24.0"
    "@algolia/logger-console" "4.24.0"
    "@algolia/requester-browser-xhr" "4.24.0"
    "@algolia/requester-common" "4.24.0"
    "@algolia/requester-node-http" "4.24.0"
    "@algolia/transporter" "4.24.0"

"@algolia/requester-browser-xhr@4.24.0":
  version "4.24.0"
  resolved "https://registry.npmmirror.com/@algolia/requester-browser-xhr/-/requester-browser-xhr-4.24.0.tgz"
  integrity sha512-Z2NxZMb6+nVXSjF13YpjYTdvV3032YTBSGm2vnYvYPA6mMxzM3v5rsCiSspndn9rzIW4Qp1lPHBvuoKJV6jnAA==
  dependencies:
    "@algolia/requester-common" "4.24.0"

"@algolia/requester-common@4.24.0":
  version "4.24.0"
  resolved "https://registry.npmmirror.com/@algolia/requester-common/-/requester-common-4.24.0.tgz"
  integrity sha512-k3CXJ2OVnvgE3HMwcojpvY6d9kgKMPRxs/kVohrwF5WMr2fnqojnycZkxPoEg+bXm8fi5BBfFmOqgYztRtHsQA==

"@algolia/requester-node-http@4.24.0":
  version "4.24.0"
  resolved "https://registry.npmmirror.com/@algolia/requester-node-http/-/requester-node-http-4.24.0.tgz"
  integrity sha512-JF18yTjNOVYvU/L3UosRcvbPMGT9B+/GQWNWnenIImglzNVGpyzChkXLnrSf6uxwVNO6ESGu6oN8MqcGQcjQJw==
  dependencies:
    "@algolia/requester-common" "4.24.0"

"@algolia/transporter@4.24.0":
  version "4.24.0"
  resolved "https://registry.npmmirror.com/@algolia/transporter/-/transporter-4.24.0.tgz"
  integrity sha512-86nI7w6NzWxd1Zp9q3413dRshDqAzSbsQjhcDhPIatEFiZrL1/TjnHL8S7jVKFePlIMzDsZWXAXwXzcok9c5oA==
  dependencies:
    "@algolia/cache-common" "4.24.0"
    "@algolia/logger-common" "4.24.0"
    "@algolia/requester-common" "4.24.0"

"@babel/parser@^7.24.7":
  version "7.24.8"
  resolved "https://registry.npmmirror.com/@babel/parser/-/parser-7.24.8.tgz"
  integrity sha512-WzfbgXOkGzZiXXCqk43kKwZjzwx4oulxZi3nq2TYL9mOjQv6kYwul9mz6ID36njuL7Xkp6nJEfok848Zj10j/w==

"@docsearch/css@3.6.1", "@docsearch/css@^3.6.0":
  version "3.6.1"
  resolved "https://registry.npmmirror.com/@docsearch/css/-/css-3.6.1.tgz"
  integrity sha512-VtVb5DS+0hRIprU2CO6ZQjK2Zg4QU5HrDM1+ix6rT0umsYvFvatMAnf97NHZlVWDaaLlx7GRfR/7FikANiM2Fg==

"@docsearch/js@^3.6.0":
  version "3.6.1"
  resolved "https://registry.npmmirror.com/@docsearch/js/-/js-3.6.1.tgz"
  integrity sha512-erI3RRZurDr1xES5hvYJ3Imp7jtrXj6f1xYIzDzxiS7nNBufYWPbJwrmMqWC5g9y165PmxEmN9pklGCdLi0Iqg==
  dependencies:
    "@docsearch/react" "3.6.1"
    preact "^10.0.0"

"@docsearch/react@3.6.1":
  version "3.6.1"
  resolved "https://registry.npmmirror.com/@docsearch/react/-/react-3.6.1.tgz"
  integrity sha512-qXZkEPvybVhSXj0K7U3bXc233tk5e8PfhoZ6MhPOiik/qUQxYC+Dn9DnoS7CxHQQhHfCvTiN0eY9M12oRghEXw==
  dependencies:
    "@algolia/autocomplete-core" "1.9.3"
    "@algolia/autocomplete-preset-algolia" "1.9.3"
    "@docsearch/css" "3.6.1"
    algoliasearch "^4.19.1"

"@esbuild/aix-ppc64@0.21.5":
  version "0.21.5"
  resolved "https://registry.npmmirror.com/@esbuild/aix-ppc64/-/aix-ppc64-0.21.5.tgz#c7184a326533fcdf1b8ee0733e21c713b975575f"
  integrity sha512-1SDgH6ZSPTlggy1yI6+Dbkiz8xzpHJEVAlF/AM1tHPLsf5STom9rwtjE4hKAF20FfXXNTFqEYXyJNWh1GiZedQ==

"@esbuild/android-arm64@0.21.5":
  version "0.21.5"
  resolved "https://registry.npmmirror.com/@esbuild/android-arm64/-/android-arm64-0.21.5.tgz#09d9b4357780da9ea3a7dfb833a1f1ff439b4052"
  integrity sha512-c0uX9VAUBQ7dTDCjq+wdyGLowMdtR/GoC2U5IYk/7D1H1JYC0qseD7+11iMP2mRLN9RcCMRcjC4YMclCzGwS/A==

"@esbuild/android-arm@0.21.5":
  version "0.21.5"
  resolved "https://registry.npmmirror.com/@esbuild/android-arm/-/android-arm-0.21.5.tgz#9b04384fb771926dfa6d7ad04324ecb2ab9b2e28"
  integrity sha512-vCPvzSjpPHEi1siZdlvAlsPxXl7WbOVUBBAowWug4rJHb68Ox8KualB+1ocNvT5fjv6wpkX6o/iEpbDrf68zcg==

"@esbuild/android-x64@0.21.5":
  version "0.21.5"
  resolved "https://registry.npmmirror.com/@esbuild/android-x64/-/android-x64-0.21.5.tgz#29918ec2db754cedcb6c1b04de8cd6547af6461e"
  integrity sha512-D7aPRUUNHRBwHxzxRvp856rjUHRFW1SdQATKXH2hqA0kAZb1hKmi02OpYRacl0TxIGz/ZmXWlbZgjwWYaCakTA==

"@esbuild/darwin-arm64@0.21.5":
  version "0.21.5"
  resolved "https://registry.npmmirror.com/@esbuild/darwin-arm64/-/darwin-arm64-0.21.5.tgz#e495b539660e51690f3928af50a76fb0a6ccff2a"
  integrity sha512-DwqXqZyuk5AiWWf3UfLiRDJ5EDd49zg6O9wclZ7kUMv2WRFr4HKjXp/5t8JZ11QbQfUS6/cRCKGwYhtNAY88kQ==

"@esbuild/darwin-x64@0.21.5":
  version "0.21.5"
  resolved "https://registry.npmmirror.com/@esbuild/darwin-x64/-/darwin-x64-0.21.5.tgz#c13838fa57372839abdddc91d71542ceea2e1e22"
  integrity sha512-se/JjF8NlmKVG4kNIuyWMV/22ZaerB+qaSi5MdrXtd6R08kvs2qCN4C09miupktDitvh8jRFflwGFBQcxZRjbw==

"@esbuild/freebsd-arm64@0.21.5":
  version "0.21.5"
  resolved "https://registry.npmmirror.com/@esbuild/freebsd-arm64/-/freebsd-arm64-0.21.5.tgz#646b989aa20bf89fd071dd5dbfad69a3542e550e"
  integrity sha512-5JcRxxRDUJLX8JXp/wcBCy3pENnCgBR9bN6JsY4OmhfUtIHe3ZW0mawA7+RDAcMLrMIZaf03NlQiX9DGyB8h4g==

"@esbuild/freebsd-x64@0.21.5":
  version "0.21.5"
  resolved "https://registry.npmmirror.com/@esbuild/freebsd-x64/-/freebsd-x64-0.21.5.tgz#aa615cfc80af954d3458906e38ca22c18cf5c261"
  integrity sha512-J95kNBj1zkbMXtHVH29bBriQygMXqoVQOQYA+ISs0/2l3T9/kj42ow2mpqerRBxDJnmkUDCaQT/dfNXWX/ZZCQ==

"@esbuild/linux-arm64@0.21.5":
  version "0.21.5"
  resolved "https://registry.npmmirror.com/@esbuild/linux-arm64/-/linux-arm64-0.21.5.tgz#70ac6fa14f5cb7e1f7f887bcffb680ad09922b5b"
  integrity sha512-ibKvmyYzKsBeX8d8I7MH/TMfWDXBF3db4qM6sy+7re0YXya+K1cem3on9XgdT2EQGMu4hQyZhan7TeQ8XkGp4Q==

"@esbuild/linux-arm@0.21.5":
  version "0.21.5"
  resolved "https://registry.npmmirror.com/@esbuild/linux-arm/-/linux-arm-0.21.5.tgz#fc6fd11a8aca56c1f6f3894f2bea0479f8f626b9"
  integrity sha512-bPb5AHZtbeNGjCKVZ9UGqGwo8EUu4cLq68E95A53KlxAPRmUyYv2D6F0uUI65XisGOL1hBP5mTronbgo+0bFcA==

"@esbuild/linux-ia32@0.21.5":
  version "0.21.5"
  resolved "https://registry.npmmirror.com/@esbuild/linux-ia32/-/linux-ia32-0.21.5.tgz#3271f53b3f93e3d093d518d1649d6d68d346ede2"
  integrity sha512-YvjXDqLRqPDl2dvRODYmmhz4rPeVKYvppfGYKSNGdyZkA01046pLWyRKKI3ax8fbJoK5QbxblURkwK/MWY18Tg==

"@esbuild/linux-loong64@0.21.5":
  version "0.21.5"
  resolved "https://registry.npmmirror.com/@esbuild/linux-loong64/-/linux-loong64-0.21.5.tgz#ed62e04238c57026aea831c5a130b73c0f9f26df"
  integrity sha512-uHf1BmMG8qEvzdrzAqg2SIG/02+4/DHB6a9Kbya0XDvwDEKCoC8ZRWI5JJvNdUjtciBGFQ5PuBlpEOXQj+JQSg==

"@esbuild/linux-mips64el@0.21.5":
  version "0.21.5"
  resolved "https://registry.npmmirror.com/@esbuild/linux-mips64el/-/linux-mips64el-0.21.5.tgz#e79b8eb48bf3b106fadec1ac8240fb97b4e64cbe"
  integrity sha512-IajOmO+KJK23bj52dFSNCMsz1QP1DqM6cwLUv3W1QwyxkyIWecfafnI555fvSGqEKwjMXVLokcV5ygHW5b3Jbg==

"@esbuild/linux-ppc64@0.21.5":
  version "0.21.5"
  resolved "https://registry.npmmirror.com/@esbuild/linux-ppc64/-/linux-ppc64-0.21.5.tgz#5f2203860a143b9919d383ef7573521fb154c3e4"
  integrity sha512-1hHV/Z4OEfMwpLO8rp7CvlhBDnjsC3CttJXIhBi+5Aj5r+MBvy4egg7wCbe//hSsT+RvDAG7s81tAvpL2XAE4w==

"@esbuild/linux-riscv64@0.21.5":
  version "0.21.5"
  resolved "https://registry.npmmirror.com/@esbuild/linux-riscv64/-/linux-riscv64-0.21.5.tgz#07bcafd99322d5af62f618cb9e6a9b7f4bb825dc"
  integrity sha512-2HdXDMd9GMgTGrPWnJzP2ALSokE/0O5HhTUvWIbD3YdjME8JwvSCnNGBnTThKGEB91OZhzrJ4qIIxk/SBmyDDA==

"@esbuild/linux-s390x@0.21.5":
  version "0.21.5"
  resolved "https://registry.npmmirror.com/@esbuild/linux-s390x/-/linux-s390x-0.21.5.tgz#b7ccf686751d6a3e44b8627ababc8be3ef62d8de"
  integrity sha512-zus5sxzqBJD3eXxwvjN1yQkRepANgxE9lgOW2qLnmr8ikMTphkjgXu1HR01K4FJg8h1kEEDAqDcZQtbrRnB41A==

"@esbuild/linux-x64@0.21.5":
  version "0.21.5"
  resolved "https://registry.npmmirror.com/@esbuild/linux-x64/-/linux-x64-0.21.5.tgz#6d8f0c768e070e64309af8004bb94e68ab2bb3b0"
  integrity sha512-1rYdTpyv03iycF1+BhzrzQJCdOuAOtaqHTWJZCWvijKD2N5Xu0TtVC8/+1faWqcP9iBCWOmjmhoH94dH82BxPQ==

"@esbuild/netbsd-x64@0.21.5":
  version "0.21.5"
  resolved "https://registry.npmmirror.com/@esbuild/netbsd-x64/-/netbsd-x64-0.21.5.tgz#bbe430f60d378ecb88decb219c602667387a6047"
  integrity sha512-Woi2MXzXjMULccIwMnLciyZH4nCIMpWQAs049KEeMvOcNADVxo0UBIQPfSmxB3CWKedngg7sWZdLvLczpe0tLg==

"@esbuild/openbsd-x64@0.21.5":
  version "0.21.5"
  resolved "https://registry.npmmirror.com/@esbuild/openbsd-x64/-/openbsd-x64-0.21.5.tgz#99d1cf2937279560d2104821f5ccce220cb2af70"
  integrity sha512-HLNNw99xsvx12lFBUwoT8EVCsSvRNDVxNpjZ7bPn947b8gJPzeHWyNVhFsaerc0n3TsbOINvRP2byTZ5LKezow==

"@esbuild/sunos-x64@0.21.5":
  version "0.21.5"
  resolved "https://registry.npmmirror.com/@esbuild/sunos-x64/-/sunos-x64-0.21.5.tgz#08741512c10d529566baba837b4fe052c8f3487b"
  integrity sha512-6+gjmFpfy0BHU5Tpptkuh8+uw3mnrvgs+dSPQXQOv3ekbordwnzTVEb4qnIvQcYXq6gzkyTnoZ9dZG+D4garKg==

"@esbuild/win32-arm64@0.21.5":
  version "0.21.5"
  resolved "https://registry.npmmirror.com/@esbuild/win32-arm64/-/win32-arm64-0.21.5.tgz#675b7385398411240735016144ab2e99a60fc75d"
  integrity sha512-Z0gOTd75VvXqyq7nsl93zwahcTROgqvuAcYDUr+vOv8uHhNSKROyU961kgtCD1e95IqPKSQKH7tBTslnS3tA8A==

"@esbuild/win32-ia32@0.21.5":
  version "0.21.5"
  resolved "https://registry.npmmirror.com/@esbuild/win32-ia32/-/win32-ia32-0.21.5.tgz#1bfc3ce98aa6ca9a0969e4d2af72144c59c1193b"
  integrity sha512-SWXFF1CL2RVNMaVs+BBClwtfZSvDgtL//G/smwAc5oVK/UPu2Gu9tIaRgFmYFFKrmg3SyAjSrElf0TiJ1v8fYA==

"@esbuild/win32-x64@0.21.5":
  version "0.21.5"
  resolved "https://registry.npmmirror.com/@esbuild/win32-x64/-/win32-x64-0.21.5.tgz"
  integrity sha512-tQd/1efJuzPC6rCFwEvLtci/xNFcTZknmXs98FYDfGE4wP9ClFV98nyKrzJKVPMhdDnjzLhdUyMX4PsQAPjwIw==

"@jridgewell/sourcemap-codec@^1.4.15":
  version "1.5.0"
  resolved "https://registry.npmmirror.com/@jridgewell/sourcemap-codec/-/sourcemap-codec-1.5.0.tgz"
  integrity sha512-gv3ZRaISU3fjPAgNsriBRqGWQL6quFx04YMPW/zD8XMLsU32mhCCbfbO6KZFLjvYpCZ8zyDEgqsgf+PwPaM7GQ==

"@rollup/rollup-android-arm-eabi@4.18.1":
  version "4.18.1"
  resolved "https://registry.npmmirror.com/@rollup/rollup-android-arm-eabi/-/rollup-android-arm-eabi-4.18.1.tgz#f0da481244b7d9ea15296b35f7fe39cd81157396"
  integrity sha512-lncuC4aHicncmbORnx+dUaAgzee9cm/PbIqgWz1PpXuwc+sa1Ct83tnqUDy/GFKleLiN7ZIeytM6KJ4cAn1SxA==

"@rollup/rollup-android-arm64@4.18.1":
  version "4.18.1"
  resolved "https://registry.npmmirror.com/@rollup/rollup-android-arm64/-/rollup-android-arm64-4.18.1.tgz#82ab3c575f4235fb647abea5e08eec6cf325964e"
  integrity sha512-F/tkdw0WSs4ojqz5Ovrw5r9odqzFjb5LIgHdHZG65dFI1lWTWRVy32KDJLKRISHgJvqUeUhdIvy43fX41znyDg==

"@rollup/rollup-darwin-arm64@4.18.1":
  version "4.18.1"
  resolved "https://registry.npmmirror.com/@rollup/rollup-darwin-arm64/-/rollup-darwin-arm64-4.18.1.tgz#6a530452e68a9152809ce58de1f89597632a085b"
  integrity sha512-vk+ma8iC1ebje/ahpxpnrfVQJibTMyHdWpOGZ3JpQ7Mgn/3QNHmPq7YwjZbIE7km73dH5M1e6MRRsnEBW7v5CQ==

"@rollup/rollup-darwin-x64@4.18.1":
  version "4.18.1"
  resolved "https://registry.npmmirror.com/@rollup/rollup-darwin-x64/-/rollup-darwin-x64-4.18.1.tgz#47727479f5ca292cf434d7e75af2725b724ecbc7"
  integrity sha512-IgpzXKauRe1Tafcej9STjSSuG0Ghu/xGYH+qG6JwsAUxXrnkvNHcq/NL6nz1+jzvWAnQkuAJ4uIwGB48K9OCGA==

"@rollup/rollup-linux-arm-gnueabihf@4.18.1":
  version "4.18.1"
  resolved "https://registry.npmmirror.com/@rollup/rollup-linux-arm-gnueabihf/-/rollup-linux-arm-gnueabihf-4.18.1.tgz#46193c498aa7902a8db89ac00128060320e84fef"
  integrity sha512-P9bSiAUnSSM7EmyRK+e5wgpqai86QOSv8BwvkGjLwYuOpaeomiZWifEos517CwbG+aZl1T4clSE1YqqH2JRs+g==

"@rollup/rollup-linux-arm-musleabihf@4.18.1":
  version "4.18.1"
  resolved "https://registry.npmmirror.com/@rollup/rollup-linux-arm-musleabihf/-/rollup-linux-arm-musleabihf-4.18.1.tgz#22d831fe239643c1d05c98906420325cee439d85"
  integrity sha512-5RnjpACoxtS+aWOI1dURKno11d7krfpGDEn19jI8BuWmSBbUC4ytIADfROM1FZrFhQPSoP+KEa3NlEScznBTyQ==

"@rollup/rollup-linux-arm64-gnu@4.18.1":
  version "4.18.1"
  resolved "https://registry.npmmirror.com/@rollup/rollup-linux-arm64-gnu/-/rollup-linux-arm64-gnu-4.18.1.tgz#19abd33695ec9d588b4a858d122631433084e4a3"
  integrity sha512-8mwmGD668m8WaGbthrEYZ9CBmPug2QPGWxhJxh/vCgBjro5o96gL04WLlg5BA233OCWLqERy4YUzX3bJGXaJgQ==

"@rollup/rollup-linux-arm64-musl@4.18.1":
  version "4.18.1"
  resolved "https://registry.npmmirror.com/@rollup/rollup-linux-arm64-musl/-/rollup-linux-arm64-musl-4.18.1.tgz#d60af8c0b9be424424ff96a0ba19fce65d26f6ab"
  integrity sha512-dJX9u4r4bqInMGOAQoGYdwDP8lQiisWb9et+T84l2WXk41yEej8v2iGKodmdKimT8cTAYt0jFb+UEBxnPkbXEQ==

"@rollup/rollup-linux-powerpc64le-gnu@4.18.1":
  version "4.18.1"
  resolved "https://registry.npmmirror.com/@rollup/rollup-linux-powerpc64le-gnu/-/rollup-linux-powerpc64le-gnu-4.18.1.tgz#b1194e5ed6d138fdde0842d126fccde74a90f457"
  integrity sha512-V72cXdTl4EI0x6FNmho4D502sy7ed+LuVW6Ym8aI6DRQ9hQZdp5sj0a2usYOlqvFBNKQnLQGwmYnujo2HvjCxQ==

"@rollup/rollup-linux-riscv64-gnu@4.18.1":
  version "4.18.1"
  resolved "https://registry.npmmirror.com/@rollup/rollup-linux-riscv64-gnu/-/rollup-linux-riscv64-gnu-4.18.1.tgz#f5a635c017b9bff8b856b0221fbd5c0e3373b7ec"
  integrity sha512-f+pJih7sxoKmbjghrM2RkWo2WHUW8UbfxIQiWo5yeCaCM0TveMEuAzKJte4QskBp1TIinpnRcxkquY+4WuY/tg==

"@rollup/rollup-linux-s390x-gnu@4.18.1":
  version "4.18.1"
  resolved "https://registry.npmmirror.com/@rollup/rollup-linux-s390x-gnu/-/rollup-linux-s390x-gnu-4.18.1.tgz#f1043d9f4026bf6995863cb3f8dd4732606e4baa"
  integrity sha512-qb1hMMT3Fr/Qz1OKovCuUM11MUNLUuHeBC2DPPAWUYYUAOFWaxInaTwTQmc7Fl5La7DShTEpmYwgdt2hG+4TEg==

"@rollup/rollup-linux-x64-gnu@4.18.1":
  version "4.18.1"
  resolved "https://registry.npmmirror.com/@rollup/rollup-linux-x64-gnu/-/rollup-linux-x64-gnu-4.18.1.tgz#1e781730be445119f06c9df5f185e193bc82c610"
  integrity sha512-7O5u/p6oKUFYjRbZkL2FLbwsyoJAjyeXHCU3O4ndvzg2OFO2GinFPSJFGbiwFDaCFc+k7gs9CF243PwdPQFh5g==

"@rollup/rollup-linux-x64-musl@4.18.1":
  version "4.18.1"
  resolved "https://registry.npmmirror.com/@rollup/rollup-linux-x64-musl/-/rollup-linux-x64-musl-4.18.1.tgz#08f12e1965d6f27d6898ff932592121cca6abc4b"
  integrity sha512-pDLkYITdYrH/9Cv/Vlj8HppDuLMDUBmgsM0+N+xLtFd18aXgM9Nyqupb/Uw+HeidhfYg2lD6CXvz6CjoVOaKjQ==

"@rollup/rollup-win32-arm64-msvc@4.18.1":
  version "4.18.1"
  resolved "https://registry.npmmirror.com/@rollup/rollup-win32-arm64-msvc/-/rollup-win32-arm64-msvc-4.18.1.tgz#4a5dcbbe7af7d41cac92b09798e7c1831da1f599"
  integrity sha512-W2ZNI323O/8pJdBGil1oCauuCzmVd9lDmWBBqxYZcOqWD6aWqJtVBQ1dFrF4dYpZPks6F+xCZHfzG5hYlSHZ6g==

"@rollup/rollup-win32-ia32-msvc@4.18.1":
  version "4.18.1"
  resolved "https://registry.npmmirror.com/@rollup/rollup-win32-ia32-msvc/-/rollup-win32-ia32-msvc-4.18.1.tgz#075b0713de627843a73b4cf0e087c56b53e9d780"
  integrity sha512-ELfEX1/+eGZYMaCIbK4jqLxO1gyTSOIlZr6pbC4SRYFaSIDVKOnZNMdoZ+ON0mrFDp4+H5MhwNC1H/AhE3zQLg==

"@rollup/rollup-win32-x64-msvc@4.18.1":
  version "4.18.1"
  resolved "https://registry.npmmirror.com/@rollup/rollup-win32-x64-msvc/-/rollup-win32-x64-msvc-4.18.1.tgz"
  integrity sha512-yjk2MAkQmoaPYCSu35RLJ62+dz358nE83VfTePJRp8CG7aMg25mEJYpXFiD+NcevhX8LxD5OP5tktPXnXN7GDw==

"@shikijs/core@1.10.3", "@shikijs/core@^1.10.3":
  version "1.10.3"
  resolved "https://registry.npmmirror.com/@shikijs/core/-/core-1.10.3.tgz"
  integrity sha512-D45PMaBaeDHxww+EkcDQtDAtzv00Gcsp72ukBtaLSmqRvh0WgGMq3Al0rl1QQBZfuneO75NXMIzEZGFitThWbg==
  dependencies:
    "@types/hast" "^3.0.4"

"@shikijs/transformers@^1.10.3":
  version "1.10.3"
  resolved "https://registry.npmmirror.com/@shikijs/transformers/-/transformers-1.10.3.tgz"
  integrity sha512-MNjsyye2WHVdxfZUSr5frS97sLGe6G1T+1P41QjyBFJehZphMcr4aBlRLmq6OSPBslYe9byQPVvt/LJCOfxw8Q==
  dependencies:
    shiki "1.10.3"

"@types/estree@1.0.5":
  version "1.0.5"
  resolved "https://registry.npmmirror.com/@types/estree/-/estree-1.0.5.tgz"
  integrity sha512-/kYRxGDLWzHOB7q+wtSUQlFrtcdUccpfy+X+9iMBpHK8QLLhx2wIPYuS5DYtR9Wa/YlZAbIovy7qVdB1Aq6Lyw==

"@types/hast@^3.0.4":
  version "3.0.4"
  resolved "https://registry.npmmirror.com/@types/hast/-/hast-3.0.4.tgz"
  integrity sha512-WPs+bbQw5aCj+x6laNGWLH3wviHtoCv/P3+otBhbOhJgG8qtpdAMlTCxLtsTWA7LH1Oh/bFCHsBn0TPS5m30EQ==
  dependencies:
    "@types/unist" "*"

"@types/linkify-it@^5":
  version "5.0.0"
  resolved "https://registry.npmmirror.com/@types/linkify-it/-/linkify-it-5.0.0.tgz"
  integrity sha512-sVDA58zAw4eWAffKOaQH5/5j3XeayukzDk+ewSsnv3p4yJEZHCCzMDiZM8e0OUrRvmpGZ85jf4yDHkHsgBNr9Q==

"@types/markdown-it@^14.1.1":
  version "14.1.1"
  resolved "https://registry.npmmirror.com/@types/markdown-it/-/markdown-it-14.1.1.tgz"
  integrity sha512-4NpsnpYl2Gt1ljyBGrKMxFYAYvpqbnnkgP/i/g+NLpjEUa3obn1XJCur9YbEXKDAkaXqsR1LbDnGEJ0MmKFxfg==
  dependencies:
    "@types/linkify-it" "^5"
    "@types/mdurl" "^2"

"@types/mdurl@^2":
  version "2.0.0"
  resolved "https://registry.npmmirror.com/@types/mdurl/-/mdurl-2.0.0.tgz"
  integrity sha512-RGdgjQUZba5p6QEFAVx2OGb8rQDL/cPRG7GiedRzMcJ1tYnUANBncjbSB1NRGwbvjcPeikRABz2nshyPk1bhWg==

"@types/unist@*":
  version "3.0.2"
  resolved "https://registry.npmmirror.com/@types/unist/-/unist-3.0.2.tgz"
  integrity sha512-dqId9J8K/vGi5Zr7oo212BGii5m3q5Hxlkwy3WpYuKPklmBEvsbMYYyLxAQpSffdLl/gdW0XUpKWFvYmyoWCoQ==

"@types/web-bluetooth@^0.0.20":
  version "0.0.20"
  resolved "https://registry.npmmirror.com/@types/web-bluetooth/-/web-bluetooth-0.0.20.tgz"
  integrity sha512-g9gZnnXVq7gM7v3tJCWV/qw7w+KeOlSHAhgF9RytFyifW6AF61hdT2ucrYhPq9hLs5JIryeupHV3qGk95dH9ow==

"@vercel/analytics@^1.0.0":
  version "1.3.1"
  resolved "https://registry.npmmirror.com/@vercel/analytics/-/analytics-1.3.1.tgz"
  integrity sha512-xhSlYgAuJ6Q4WQGkzYTLmXwhYl39sWjoMA3nHxfkvG+WdBT25c563a7QhwwKivEOZtPJXifYHR1m2ihoisbWyA==
  dependencies:
    server-only "^0.0.1"

"@vitejs/plugin-vue@^5.0.5":
  version "5.0.5"
  resolved "https://registry.npmmirror.com/@vitejs/plugin-vue/-/plugin-vue-5.0.5.tgz"
  integrity sha512-LOjm7XeIimLBZyzinBQ6OSm3UBCNVCpLkxGC0oWmm2YPzVZoxMsdvNVimLTBzpAnR9hl/yn1SHGuRfe6/Td9rQ==

"@vue/compiler-core@3.4.32":
  version "3.4.32"
  resolved "https://registry.npmmirror.com/@vue/compiler-core/-/compiler-core-3.4.32.tgz"
  integrity sha512-8tCVWkkLe/QCWIsrIvExUGnhYCAOroUs5dzhSoKL5w4MJS8uIYiou+pOPSVIOALOQ80B0jBs+Ri+kd5+MBnCDw==
  dependencies:
    "@babel/parser" "^7.24.7"
    "@vue/shared" "3.4.32"
    entities "^4.5.0"
    estree-walker "^2.0.2"
    source-map-js "^1.2.0"

"@vue/compiler-dom@3.4.32":
  version "3.4.32"
  resolved "https://registry.npmmirror.com/@vue/compiler-dom/-/compiler-dom-3.4.32.tgz"
  integrity sha512-PbSgt9KuYo4fyb90dynuPc0XFTfFPs3sCTbPLOLlo+PrUESW1gn/NjSsUvhR+mI2AmmEzexwYMxbHDldxSOr2A==
  dependencies:
    "@vue/compiler-core" "3.4.32"
    "@vue/shared" "3.4.32"

"@vue/compiler-sfc@3.4.32":
  version "3.4.32"
  resolved "https://registry.npmmirror.com/@vue/compiler-sfc/-/compiler-sfc-3.4.32.tgz"
  integrity sha512-STy9im/WHfaguJnfKjjVpMHukxHUrOKjm2vVCxiojQJyo3Sb6Os8SMXBr/MI+ekpstEGkDONfqAQoSbZhspLYw==
  dependencies:
    "@babel/parser" "^7.24.7"
    "@vue/compiler-core" "3.4.32"
    "@vue/compiler-dom" "3.4.32"
    "@vue/compiler-ssr" "3.4.32"
    "@vue/shared" "3.4.32"
    estree-walker "^2.0.2"
    magic-string "^0.30.10"
    postcss "^8.4.39"
    source-map-js "^1.2.0"

"@vue/compiler-ssr@3.4.32":
  version "3.4.32"
  resolved "https://registry.npmmirror.com/@vue/compiler-ssr/-/compiler-ssr-3.4.32.tgz"
  integrity sha512-nyu/txTecF6DrxLrpLcI34xutrvZPtHPBj9yRoPxstIquxeeyywXpYZrQMsIeDfBhlw1abJb9CbbyZvDw2kjdg==
  dependencies:
    "@vue/compiler-dom" "3.4.32"
    "@vue/shared" "3.4.32"

"@vue/devtools-api@^7.3.5":
  version "7.3.6"
  resolved "https://registry.npmmirror.com/@vue/devtools-api/-/devtools-api-7.3.6.tgz"
  integrity sha512-z6cKyxdXrIGgA++eyGBfquj6dCplRdgjt+I18fJx8hjWTXDTIyeQvryyEBMchnfZVyvUTjK3QjGjDpLCnJxPjw==
  dependencies:
    "@vue/devtools-kit" "^7.3.6"

"@vue/devtools-kit@^7.3.6":
  version "7.3.6"
  resolved "https://registry.npmmirror.com/@vue/devtools-kit/-/devtools-kit-7.3.6.tgz"
  integrity sha512-5Ym9V3fkJenEoptqKoo+cgY5RTVwrSssFdzRsuyIgaeiskCT+rRJeQdwoo81tyrQ1mfS7Er1rYZlSzr3Y3L/ew==
  dependencies:
    "@vue/devtools-shared" "^7.3.6"
    birpc "^0.2.17"
    hookable "^5.5.3"
    mitt "^3.0.1"
    perfect-debounce "^1.0.0"
    speakingurl "^14.0.1"
    superjson "^2.2.1"

"@vue/devtools-shared@^7.3.6":
  version "7.3.6"
  resolved "https://registry.npmmirror.com/@vue/devtools-shared/-/devtools-shared-7.3.6.tgz"
  integrity sha512-R/FOmdJV+hhuwcNoxp6e87RRkEeDMVhWH+nOsnHUrwjjsyeXJ2W1475Ozmw+cbZhejWQzftkHVKO28Fuo1yqCw==
  dependencies:
    rfdc "^1.4.1"

"@vue/reactivity@3.4.32":
  version "3.4.32"
  resolved "https://registry.npmmirror.com/@vue/reactivity/-/reactivity-3.4.32.tgz"
  integrity sha512-1P7QvghAzhSIWmiNmh4MNkLVjr2QTNDcFv2sKmytEWhR6t7BZzNicgm5ENER4uU++wbWxgRh/pSEYgdI3MDcvg==
  dependencies:
    "@vue/shared" "3.4.32"

"@vue/runtime-core@3.4.32":
  version "3.4.32"
  resolved "https://registry.npmmirror.com/@vue/runtime-core/-/runtime-core-3.4.32.tgz"
  integrity sha512-FxT2dTHUs1Hki8Ui/B1Hu339mx4H5kRJooqrNM32tGUHBPStJxwMzLIRbeGO/B1NMplU4Pg9fwOqrJtrOzkdfA==
  dependencies:
    "@vue/reactivity" "3.4.32"
    "@vue/shared" "3.4.32"

"@vue/runtime-dom@3.4.32":
  version "3.4.32"
  resolved "https://registry.npmmirror.com/@vue/runtime-dom/-/runtime-dom-3.4.32.tgz"
  integrity sha512-Xz9G+ZViRyPFQtRBCPFkhMzKn454ihCPMKUiacNaUhuTIXvyfkAq8l89IZ/kegFVyw/7KkJGRGqYdEZrf27Xsg==
  dependencies:
    "@vue/reactivity" "3.4.32"
    "@vue/runtime-core" "3.4.32"
    "@vue/shared" "3.4.32"
    csstype "^3.1.3"

"@vue/server-renderer@3.4.32":
  version "3.4.32"
  resolved "https://registry.npmmirror.com/@vue/server-renderer/-/server-renderer-3.4.32.tgz"
  integrity sha512-3c4rd0522Ao8hKjzgmUAbcjv2mBnvnw0Ld2f8HOMCuWJZjYie/p8cpIoYJbeP0VV2JYmrJJMwGQDO5RH4iQ30A==
  dependencies:
    "@vue/compiler-ssr" "3.4.32"
    "@vue/shared" "3.4.32"

"@vue/shared@3.4.32", "@vue/shared@^3.4.31":
  version "3.4.32"
  resolved "https://registry.npmmirror.com/@vue/shared/-/shared-3.4.32.tgz"
  integrity sha512-ep4mF1IVnX/pYaNwxwOpJHyBtOMKWoKZMbnUyd+z0udqIxLUh7YCCd/JfDna8aUrmnG9SFORyIq2HzEATRrQsg==

"@vueuse/core@10.11.0", "@vueuse/core@^10.11.0":
  version "10.11.0"
  resolved "https://registry.npmmirror.com/@vueuse/core/-/core-10.11.0.tgz"
  integrity sha512-x3sD4Mkm7PJ+pcq3HX8PLPBadXCAlSDR/waK87dz0gQE+qJnaaFhc/dZVfJz+IUYzTMVGum2QlR7ImiJQN4s6g==
  dependencies:
    "@types/web-bluetooth" "^0.0.20"
    "@vueuse/metadata" "10.11.0"
    "@vueuse/shared" "10.11.0"
    vue-demi ">=0.14.8"

"@vueuse/integrations@^10.11.0":
  version "10.11.0"
  resolved "https://registry.npmmirror.com/@vueuse/integrations/-/integrations-10.11.0.tgz"
  integrity sha512-Pp6MtWEIr+NDOccWd8j59Kpjy5YDXogXI61Kb1JxvSfVBO8NzFQkmrKmSZz47i+ZqHnIzxaT38L358yDHTncZg==
  dependencies:
    "@vueuse/core" "10.11.0"
    "@vueuse/shared" "10.11.0"
    vue-demi ">=0.14.8"

"@vueuse/metadata@10.11.0":
  version "10.11.0"
  resolved "https://registry.npmmirror.com/@vueuse/metadata/-/metadata-10.11.0.tgz"
  integrity sha512-kQX7l6l8dVWNqlqyN3ePW3KmjCQO3ZMgXuBMddIu83CmucrsBfXlH+JoviYyRBws/yLTQO8g3Pbw+bdIoVm4oQ==

"@vueuse/shared@10.11.0":
  version "10.11.0"
  resolved "https://registry.npmmirror.com/@vueuse/shared/-/shared-10.11.0.tgz"
  integrity sha512-fyNoIXEq3PfX1L3NkNhtVQUSRtqYwJtJg+Bp9rIzculIZWHTkKSysujrOk2J+NrRulLTQH9+3gGSfYLWSEWU1A==
  dependencies:
    vue-demi ">=0.14.8"

algoliasearch@^4.19.1:
  version "4.24.0"
  resolved "https://registry.npmmirror.com/algoliasearch/-/algoliasearch-4.24.0.tgz"
  integrity sha512-bf0QV/9jVejssFBmz2HQLxUadxk574t4iwjCKp5E7NBzwKkrDEhKPISIIjAU/p6K5qDx3qoeh4+26zWN1jmw3g==
  dependencies:
    "@algolia/cache-browser-local-storage" "4.24.0"
    "@algolia/cache-common" "4.24.0"
    "@algolia/cache-in-memory" "4.24.0"
    "@algolia/client-account" "4.24.0"
    "@algolia/client-analytics" "4.24.0"
    "@algolia/client-common" "4.24.0"
    "@algolia/client-personalization" "4.24.0"
    "@algolia/client-search" "4.24.0"
    "@algolia/logger-common" "4.24.0"
    "@algolia/logger-console" "4.24.0"
    "@algolia/recommend" "4.24.0"
    "@algolia/requester-browser-xhr" "4.24.0"
    "@algolia/requester-common" "4.24.0"
    "@algolia/requester-node-http" "4.24.0"
    "@algolia/transporter" "4.24.0"

birpc@^0.2.17:
  version "0.2.17"
  resolved "https://registry.npmmirror.com/birpc/-/birpc-0.2.17.tgz"
  integrity sha512-+hkTxhot+dWsLpp3gia5AkVHIsKlZybNT5gIYiDlNzJrmYPcTM9k5/w2uaj3IPpd7LlEYpmCj4Jj1nC41VhDFg==

copy-anything@^3.0.2:
  version "3.0.5"
  resolved "https://registry.npmmirror.com/copy-anything/-/copy-anything-3.0.5.tgz"
  integrity sha512-yCEafptTtb4bk7GLEQoM8KVJpxAfdBJYaXyzQEgQQQgYrZiDp8SJmGKlYza6CYjEDNstAdNdKA3UuoULlEbS6w==
  dependencies:
    is-what "^4.1.8"

csstype@^3.1.3:
  version "3.1.3"
  resolved "https://registry.npmmirror.com/csstype/-/csstype-3.1.3.tgz"
  integrity sha512-M1uQkMl8rQK/szD0LNhtqxIPLpimGm8sOBwU7lLnCpSbTyY3yeU1Vc7l4KT5zT4s/yOxHH5O7tIuuLOCnLADRw==

entities@^4.5.0:
  version "4.5.0"
  resolved "https://registry.npmmirror.com/entities/-/entities-4.5.0.tgz"
  integrity sha512-V0hjH4dGPh9Ao5p0MoRY6BVqtwCjhz6vI5LT8AJ55H+4g9/4vbHx1I54fS0XuclLhDHArPQCiMjDxjaL8fPxhw==

esbuild@^0.21.3:
  version "0.21.5"
  resolved "https://registry.npmmirror.com/esbuild/-/esbuild-0.21.5.tgz"
  integrity sha512-mg3OPMV4hXywwpoDxu3Qda5xCKQi+vCTZq8S9J/EpkhB2HzKXq4SNFZE3+NK93JYxc8VMSep+lOUSC/RVKaBqw==
  optionalDependencies:
    "@esbuild/aix-ppc64" "0.21.5"
    "@esbuild/android-arm" "0.21.5"
    "@esbuild/android-arm64" "0.21.5"
    "@esbuild/android-x64" "0.21.5"
    "@esbuild/darwin-arm64" "0.21.5"
    "@esbuild/darwin-x64" "0.21.5"
    "@esbuild/freebsd-arm64" "0.21.5"
    "@esbuild/freebsd-x64" "0.21.5"
    "@esbuild/linux-arm" "0.21.5"
    "@esbuild/linux-arm64" "0.21.5"
    "@esbuild/linux-ia32" "0.21.5"
    "@esbuild/linux-loong64" "0.21.5"
    "@esbuild/linux-mips64el" "0.21.5"
    "@esbuild/linux-ppc64" "0.21.5"
    "@esbuild/linux-riscv64" "0.21.5"
    "@esbuild/linux-s390x" "0.21.5"
    "@esbuild/linux-x64" "0.21.5"
    "@esbuild/netbsd-x64" "0.21.5"
    "@esbuild/openbsd-x64" "0.21.5"
    "@esbuild/sunos-x64" "0.21.5"
    "@esbuild/win32-arm64" "0.21.5"
    "@esbuild/win32-ia32" "0.21.5"
    "@esbuild/win32-x64" "0.21.5"

estree-walker@^2.0.2:
  version "2.0.2"
  resolved "https://registry.npmmirror.com/estree-walker/-/estree-walker-2.0.2.tgz"
  integrity sha512-Rfkk/Mp/DL7JVje3u18FxFujQlTNR2q6QfMSMB7AvCBx91NGj/ba3kCfza0f6dVDbw7YlRf/nDrn7pQrCCyQ/w==

focus-trap@^7.5.4:
  version "7.5.4"
  resolved "https://registry.npmmirror.com/focus-trap/-/focus-trap-7.5.4.tgz"
  integrity sha512-N7kHdlgsO/v+iD/dMoJKtsSqs5Dz/dXZVebRgJw23LDk+jMi/974zyiOYDziY2JPp8xivq9BmUGwIJMiuSBi7w==
  dependencies:
    tabbable "^6.2.0"

fsevents@~2.3.2, fsevents@~2.3.3:
  version "2.3.3"
  resolved "https://registry.npmmirror.com/fsevents/-/fsevents-2.3.3.tgz#cac6407785d03675a2a5e1a5305c697b347d90d6"
  integrity sha512-5xoDfX+fL7faATnagmWPpbFtwh/R77WmMMqqHGS65C3vvB0YHrgF+B1YmZ3441tMj5n63k0212XNoJwzlhffQw==

hookable@^5.5.3:
  version "5.5.3"
  resolved "https://registry.npmmirror.com/hookable/-/hookable-5.5.3.tgz"
  integrity sha512-Yc+BQe8SvoXH1643Qez1zqLRmbA5rCL+sSmk6TVos0LWVfNIB7PGncdlId77WzLGSIB5KaWgTaNTs2lNVEI6VQ==

is-what@^4.1.8:
  version "4.1.16"
  resolved "https://registry.npmmirror.com/is-what/-/is-what-4.1.16.tgz"
  integrity sha512-ZhMwEosbFJkA0YhFnNDgTM4ZxDRsS6HqTo7qsZM08fehyRYIYa0yHu5R6mgo1n/8MgaPBXiPimPD77baVFYg+A==

magic-string@^0.30.10:
  version "0.30.10"
  resolved "https://registry.npmmirror.com/magic-string/-/magic-string-0.30.10.tgz"
  integrity sha512-iIRwTIf0QKV3UAnYK4PU8uiEc4SRh5jX0mwpIwETPpHdhVM4f53RSwS/vXvN1JhGX+Cs7B8qIq3d6AH49O5fAQ==
  dependencies:
    "@jridgewell/sourcemap-codec" "^1.4.15"

mark.js@8.11.1:
  version "8.11.1"
  resolved "https://registry.npmmirror.com/mark.js/-/mark.js-8.11.1.tgz"
  integrity sha512-1I+1qpDt4idfgLQG+BNWmrqku+7/2bi5nLf4YwF8y8zXvmfiTBY3PV3ZibfrjBueCByROpuBjLLFCajqkgYoLQ==

minisearch@^7.0.0:
  version "7.0.1"
  resolved "https://registry.npmmirror.com/minisearch/-/minisearch-7.0.1.tgz"
  integrity sha512-xLeX/AwTJLzgBF2/bdUI7MEePwXtzaLExkRwu8YFGfLDwSe06KYkplqPodLANsqvfc5Ks/r5ItFUSjIp7+9xtw==

mitt@^3.0.1:
  version "3.0.1"
  resolved "https://registry.npmmirror.com/mitt/-/mitt-3.0.1.tgz"
  integrity sha512-vKivATfr97l2/QBCYAkXYDbrIWPM2IIKEl7YPhjCvKlG3kE2gm+uBo6nEXK3M5/Ffh/FLpKExzOQ3JJoJGFKBw==

nanoid@^3.3.7:
  version "3.3.7"
  resolved "https://registry.npmmirror.com/nanoid/-/nanoid-3.3.7.tgz"
  integrity sha512-eSRppjcPIatRIMC1U6UngP8XFcz8MQWGQdt1MTBQ7NaAmvXDfvNxbvWV3x2y6CdEUciCSsDHDQZbhYaB8QEo2g==

perfect-debounce@^1.0.0:
  version "1.0.0"
  resolved "https://registry.npmmirror.com/perfect-debounce/-/perfect-debounce-1.0.0.tgz"
  integrity sha512-xCy9V055GLEqoFaHoC1SoLIaLmWctgCUaBaWxDZ7/Zx4CTyX7cJQLJOok/orfjZAh9kEYpjJa4d0KcJmCbctZA==

picocolors@^1.0.1:
  version "1.0.1"
  resolved "https://registry.npmmirror.com/picocolors/-/picocolors-1.0.1.tgz"
  integrity sha512-anP1Z8qwhkbmu7MFP5iTt+wQKXgwzf7zTyGlcdzabySa9vd0Xt392U0rVmz9poOaBj0uHJKyyo9/upk0HrEQew==

postcss@^8.4.39:
  version "8.4.39"
  resolved "https://registry.npmmirror.com/postcss/-/postcss-8.4.39.tgz"
  integrity sha512-0vzE+lAiG7hZl1/9I8yzKLx3aR9Xbof3fBHKunvMfOCYAtMhrsnccJY2iTURb9EZd5+pLuiNV9/c/GZJOHsgIw==
  dependencies:
    nanoid "^3.3.7"
    picocolors "^1.0.1"
    source-map-js "^1.2.0"

preact@^10.0.0:
  version "10.22.1"
  resolved "https://registry.npmmirror.com/preact/-/preact-10.22.1.tgz"
  integrity sha512-jRYbDDgMpIb5LHq3hkI0bbl+l/TQ9UnkdQ0ww+lp+4MMOdqaUYdFc5qeyP+IV8FAd/2Em7drVPeKdQxsiWCf/A==

rfdc@^1.4.1:
  version "1.4.1"
  resolved "https://registry.npmmirror.com/rfdc/-/rfdc-1.4.1.tgz"
  integrity sha512-q1b3N5QkRUWUl7iyylaaj3kOpIT0N2i9MqIEQXP73GVsN9cw3fdx8X63cEmWhJGi2PPCF23Ijp7ktmd39rawIA==

rollup@^4.13.0:
  version "4.18.1"
  resolved "https://registry.npmmirror.com/rollup/-/rollup-4.18.1.tgz"
  integrity sha512-Elx2UT8lzxxOXMpy5HWQGZqkrQOtrVDDa/bm9l10+U4rQnVzbL/LgZ4NOM1MPIDyHk69W4InuYDF5dzRh4Kw1A==
  dependencies:
    "@types/estree" "1.0.5"
  optionalDependencies:
    "@rollup/rollup-android-arm-eabi" "4.18.1"
    "@rollup/rollup-android-arm64" "4.18.1"
    "@rollup/rollup-darwin-arm64" "4.18.1"
    "@rollup/rollup-darwin-x64" "4.18.1"
    "@rollup/rollup-linux-arm-gnueabihf" "4.18.1"
    "@rollup/rollup-linux-arm-musleabihf" "4.18.1"
    "@rollup/rollup-linux-arm64-gnu" "4.18.1"
    "@rollup/rollup-linux-arm64-musl" "4.18.1"
    "@rollup/rollup-linux-powerpc64le-gnu" "4.18.1"
    "@rollup/rollup-linux-riscv64-gnu" "4.18.1"
    "@rollup/rollup-linux-s390x-gnu" "4.18.1"
    "@rollup/rollup-linux-x64-gnu" "4.18.1"
    "@rollup/rollup-linux-x64-musl" "4.18.1"
    "@rollup/rollup-win32-arm64-msvc" "4.18.1"
    "@rollup/rollup-win32-ia32-msvc" "4.18.1"
    "@rollup/rollup-win32-x64-msvc" "4.18.1"
    fsevents "~2.3.2"

server-only@^0.0.1:
  version "0.0.1"
  resolved "https://registry.npmmirror.com/server-only/-/server-only-0.0.1.tgz"
  integrity sha512-qepMx2JxAa5jjfzxG79yPPq+8BuFToHd1hm7kI+Z4zAq1ftQiP7HcxMhDDItrbtwVeLg/cY2JnKnrcFkmiswNA==

shiki@1.10.3, shiki@^1.10.3:
  version "1.10.3"
  resolved "https://registry.npmmirror.com/shiki/-/shiki-1.10.3.tgz"
  integrity sha512-eneCLncGuvPdTutJuLyUGS8QNPAVFO5Trvld2wgEq1e002mwctAhJKeMGWtWVXOIEzmlcLRqcgPSorR6AVzOmQ==
  dependencies:
    "@shikijs/core" "1.10.3"
    "@types/hast" "^3.0.4"

source-map-js@^1.2.0:
  version "1.2.0"
  resolved "https://registry.npmmirror.com/source-map-js/-/source-map-js-1.2.0.tgz"
  integrity sha512-itJW8lvSA0TXEphiRoawsCksnlf8SyvmFzIhltqAHluXd88pkCd+cXJVHTDwdCr0IzwptSm035IHQktUu1QUMg==

speakingurl@^14.0.1:
  version "14.0.1"
  resolved "https://registry.npmmirror.com/speakingurl/-/speakingurl-14.0.1.tgz"
  integrity sha512-1POYv7uv2gXoyGFpBCmpDVSNV74IfsWlDW216UPjbWufNf+bSU6GdbDsxdcxtfwb4xlI3yxzOTKClUosxARYrQ==

superjson@^2.2.1:
  version "2.2.1"
  resolved "https://registry.npmmirror.com/superjson/-/superjson-2.2.1.tgz"
  integrity sha512-8iGv75BYOa0xRJHK5vRLEjE2H/i4lulTjzpUXic3Eg8akftYjkmQDa8JARQ42rlczXyFR3IeRoeFCc7RxHsYZA==
  dependencies:
    copy-anything "^3.0.2"

tabbable@^6.2.0:
  version "6.2.0"
  resolved "https://registry.npmmirror.com/tabbable/-/tabbable-6.2.0.tgz"
  integrity sha512-Cat63mxsVJlzYvN51JmVXIgNoUokrIaT2zLclCXjRd8boZ0004U4KCs/sToJ75C6sdlByWxpYnb5Boif1VSFew==

vite@^5.3.3:
  version "5.3.4"
  resolved "https://registry.npmmirror.com/vite/-/vite-5.3.4.tgz"
  integrity sha512-Cw+7zL3ZG9/NZBB8C+8QbQZmR54GwqIz+WMI4b3JgdYJvX+ny9AjJXqkGQlDXSXRP9rP0B4tbciRMOVEKulVOA==
  dependencies:
    esbuild "^0.21.3"
    postcss "^8.4.39"
    rollup "^4.13.0"
  optionalDependencies:
    fsevents "~2.3.3"

vitepress@^1.3.0:
  version "1.3.1"
  resolved "https://registry.npmmirror.com/vitepress/-/vitepress-1.3.1.tgz"
  integrity sha512-soZDpg2rRVJNIM/IYMNDPPr+zTHDA5RbLDHAxacRu+Q9iZ2GwSR0QSUlLs+aEZTkG0SOX1dc8RmUYwyuxK8dfQ==
  dependencies:
    "@docsearch/css" "^3.6.0"
    "@docsearch/js" "^3.6.0"
    "@shikijs/core" "^1.10.3"
    "@shikijs/transformers" "^1.10.3"
    "@types/markdown-it" "^14.1.1"
    "@vitejs/plugin-vue" "^5.0.5"
    "@vue/devtools-api" "^7.3.5"
    "@vue/shared" "^3.4.31"
    "@vueuse/core" "^10.11.0"
    "@vueuse/integrations" "^10.11.0"
    focus-trap "^7.5.4"
    mark.js "8.11.1"
    minisearch "^7.0.0"
    shiki "^1.10.3"
    vite "^5.3.3"
    vue "^3.4.31"

vue-demi@>=0.14.8:
  version "0.14.8"
  resolved "https://registry.npmmirror.com/vue-demi/-/vue-demi-0.14.8.tgz"
  integrity sha512-Uuqnk9YE9SsWeReYqK2alDI5YzciATE0r2SkA6iMAtuXvNTMNACJLJEXNXaEy94ECuBe4Sk6RzRU80kjdbIo1Q==

vue@^3.4.31:
  version "3.4.32"
  resolved "https://registry.npmmirror.com/vue/-/vue-3.4.32.tgz"
  integrity sha512-9mCGIAi/CAq7GtaLLLp2J92pEic+HArstG+pq6F+H7+/jB9a0Z7576n4Bh4k79/50L1cKMIhZC3MC0iGpl+1IA==
  dependencies:
    "@vue/compiler-dom" "3.4.32"
    "@vue/compiler-sfc" "3.4.32"
    "@vue/runtime-dom" "3.4.32"
    "@vue/server-renderer" "3.4.32"
    "@vue/shared" "3.4.32"
